
Microsoft Visual Studio Solution File, Format Version 12.00
# Visual Studio Version 17
VisualStudioVersion = 17.3.32819.101
MinimumVisualStudioVersion = 10.0.40219.1
Project("{9A19103F-16F7-4668-BE54-9A1E7A4F7556}") = "LoanSystemApiMini", "LoanSystemApiMini.csproj", "{ED1D128C-072C-4288-A79A-C35CDFDCA50F}"
EndProject
Project("{9A19103F-16F7-4668-BE54-9A1E7A4F7556}") = "LoanSystemLibraryMini", "..\LoanSystemLibraryMini\LoanSystemLibraryMini\LoanSystemLibraryMini.csproj", "{4E54D8A9-5F13-4D54-A431-72B4B5316212}"
EndProject
Project("{FAE04EC0-301F-11D3-BF4B-00C04F79EFBC}") = "LoanSystemWPFMini", "..\LoanSystemWPFMini\LoanSystemWPFMini.csproj", "{DA86C856-9956-49E4-A2E4-E76F75913CDB}"
EndProject
Global
	GlobalSection(SolutionConfigurationPlatforms) = preSolution
		Debug|Any CPU = Debug|Any CPU
		Release|Any CPU = Release|Any CPU
	EndGlobalSection
	GlobalSection(ProjectConfigurationPlatforms) = postSolution
		{ED1D128C-072C-4288-A79A-C35CDFDCA50F}.Debug|Any CPU.ActiveCfg = Debug|Any CPU
		{ED1D128C-072C-4288-A79A-C35CDFDCA50F}.Debug|Any CPU.Build.0 = Debug|Any CPU
		{ED1D128C-072C-4288-A79A-C35CDFDCA50F}.Release|Any CPU.ActiveCfg = Release|Any CPU
		{ED1D128C-072C-4288-A79A-C35CDFDCA50F}.Release|Any CPU.Build.0 = Release|Any CPU
		{4E54D8A9-5F13-4D54-A431-72B4B5316212}.Debug|Any CPU.ActiveCfg = Debug|Any CPU
		{4E54D8A9-5F13-4D54-A431-72B4B5316212}.Debug|Any CPU.Build.0 = Debug|Any CPU
		{4E54D8A9-5F13-4D54-A431-72B4B5316212}.Release|Any CPU.ActiveCfg = Release|Any CPU
		{4E54D8A9-5F13-4D54-A431-72B4B5316212}.Release|Any CPU.Build.0 = Release|Any CPU
		{DA86C856-9956-49E4-A2E4-E76F75913CDB}.Debug|Any CPU.ActiveCfg = Debug|Any CPU
		{DA86C856-9956-49E4-A2E4-E76F75913CDB}.Debug|Any CPU.Build.0 = Debug|Any CPU
		{DA86C856-9956-49E4-A2E4-E76F75913CDB}.Release|Any CPU.ActiveCfg = Release|Any CPU
		{DA86C856-9956-49E4-A2E4-E76F75913CDB}.Release|Any CPU.Build.0 = Release|Any CPU
	EndGlobalSection
	GlobalSection(SolutionProperties) = preSolution
		HideSolutionNode = FALSE
	EndGlobalSection
	GlobalSection(ExtensibilityGlobals) = postSolution
		SolutionGuid = {DA20BE71-0363-44C1-855A-1CBD3E55C995}
	EndGlobalSection
EndGlobal
